
Microsoft Visual Studio Solution File, Format Version 12.00
# Visual Studio Version 17
VisualStudioVersion = 17.9.34622.214
MinimumVisualStudioVersion = 10.0.40219.1
Project("{F184B08F-C81C-45F6-A57F-5ABD9991F28F}") = "Enrollment System - Admission", "Enrollment System - Admission\Enrollment System - Admission.vbproj", "{2BD26EF0-0705-4025-BF4D-88A92CDEBE0D}"
EndProject
Global
	GlobalSection(SolutionConfigurationPlatforms) = preSolution
		Debug|Any CPU = Debug|Any CPU
		Debug|x64 = Debug|x64
		Release|Any CPU = Release|Any CPU
		Release|x64 = Release|x64
	EndGlobalSection
	GlobalSection(ProjectConfigurationPlatforms) = postSolution
		{2BD26EF0-0705-4025-BF4D-88A92CDEBE0D}.Debug|Any CPU.ActiveCfg = Debug|Any CPU
		{2BD26EF0-0705-4025-BF4D-88A92CDEBE0D}.Debug|Any CPU.Build.0 = Debug|Any CPU
		{2BD26EF0-0705-4025-BF4D-88A92CDEBE0D}.Debug|x64.ActiveCfg = Debug|x64
		{2BD26EF0-0705-4025-BF4D-88A92CDEBE0D}.Debug|x64.Build.0 = Debug|x64
		{2BD26EF0-0705-4025-BF4D-88A92CDEBE0D}.Release|Any CPU.ActiveCfg = Release|Any CPU
		{2BD26EF0-0705-4025-BF4D-88A92CDEBE0D}.Release|Any CPU.Build.0 = Release|Any CPU
		{2BD26EF0-0705-4025-BF4D-88A92CDEBE0D}.Release|x64.ActiveCfg = Release|x64
		{2BD26EF0-0705-4025-BF4D-88A92CDEBE0D}.Release|x64.Build.0 = Release|x64
	EndGlobalSection
	GlobalSection(SolutionProperties) = preSolution
		HideSolutionNode = FALSE
	EndGlobalSection
	GlobalSection(ExtensibilityGlobals) = postSolution
		SolutionGuid = {A92B1528-A05C-4306-8ED4-F2D0B26C413F}
	EndGlobalSection
EndGlobal
